dependencies:
- name: common
  repository: https://charts.bitnami.com/bitnami
  version: 2.2.0
- name: traefik
  repository: https://helm.traefik.io/traefik
  version: 20.4.1
digest: sha256:c624cb84db371e2aaa43b6a784899342888a94ce6256e73f2b041e149da44bb0
generated: "2022-11-22T20:39:49.2083235+01:00"
