dependencies:
- name: common
  repository: https://charts.bitnami.com/bitnami
  version: 1.17.1
- name: traefik
  repository: https://helm.traefik.io/traefik
  version: 10.33.0
digest: sha256:e863294ec04a331fd95af82ee947996161923e98c4dc4a2f443d00c32159f404
generated: "2022-10-11T14:13:44.7628403+02:00"
